
Microsoft Visual Studio Solution File, Format Version 12.00
# Visual Studio 15
VisualStudioVersion = 15.0.27004.2002
MinimumVisualStudioVersion = 10.0.40219.1
Project("{FAE04EC0-301F-11D3-BF4B-00C04F79EFBC}") = "Tel_satis_otomasyonu_v1", "Tel_satis_otomasyonu_v1\Tel_satis_otomasyonu_v1.csproj", "{8C182F18-4320-438E-94A4-F5B8CBC15C10}"
EndProject
Global
	GlobalSection(SolutionConfigurationPlatforms) = preSolution
		Debug|Any CPU = Debug|Any CPU
		Release|Any CPU = Release|Any CPU
	EndGlobalSection
	GlobalSection(ProjectConfigurationPlatforms) = postSolution
		{8C182F18-4320-438E-94A4-F5B8CBC15C10}.Debug|Any CPU.ActiveCfg = Debug|Any CPU
		{8C182F18-4320-438E-94A4-F5B8CBC15C10}.Debug|Any CPU.Build.0 = Debug|Any CPU
		{8C182F18-4320-438E-94A4-F5B8CBC15C10}.Release|Any CPU.ActiveCfg = Release|Any CPU
		{8C182F18-4320-438E-94A4-F5B8CBC15C10}.Release|Any CPU.Build.0 = Release|Any CPU
	EndGlobalSection
	GlobalSection(SolutionProperties) = preSolution
		HideSolutionNode = FALSE
	EndGlobalSection
	GlobalSection(ExtensibilityGlobals) = postSolution
		SolutionGuid = {7B88D6BA-E6FA-40CB-BBBC-D68AC110363C}
	EndGlobalSection
EndGlobal
